
Microsoft Visual Studio Solution File, Format Version 12.00
# Visual Studio Version 17
VisualStudioVersion = 17.4.33110.190
MinimumVisualStudioVersion = 10.0.40219.1
Project("{FAE04EC0-301F-11D3-BF4B-00C04F79EFBC}") = "StackAndQueue", "StackAndQueue.csproj", "{7536C639-BD77-42EF-ABC1-0E741BEBB3BE}"
EndProject
Global
	GlobalSection(SolutionConfigurationPlatforms) = preSolution
		Debug|Any CPU = Debug|Any CPU
		Release|Any CPU = Release|Any CPU
	EndGlobalSection
	GlobalSection(ProjectConfigurationPlatforms) = postSolution
		{7536C639-BD77-42EF-ABC1-0E741BEBB3BE}.Debug|Any CPU.ActiveCfg = Debug|Any CPU
		{7536C639-BD77-42EF-ABC1-0E741BEBB3BE}.Debug|Any CPU.Build.0 = Debug|Any CPU
		{7536C639-BD77-42EF-ABC1-0E741BEBB3BE}.Release|Any CPU.ActiveCfg = Release|Any CPU
		{7536C639-BD77-42EF-ABC1-0E741BEBB3BE}.Release|Any CPU.Build.0 = Release|Any CPU
	EndGlobalSection
	GlobalSection(SolutionProperties) = preSolution
		HideSolutionNode = FALSE
	EndGlobalSection
	GlobalSection(ExtensibilityGlobals) = postSolution
		SolutionGuid = {E892C089-F783-467F-BF27-32B7A88D4BC6}
	EndGlobalSection
EndGlobal
